
Microsoft Visual Studio Solution File, Format Version 12.00
# Visual Studio Version 16
VisualStudioVersion = 16.0.31911.196
MinimumVisualStudioVersion = 10.0.40219.1
Project("{FAE04EC0-301F-11D3-BF4B-00C04F79EFBC}") = "CIS122_1_19_2022", "CIS122_1_19_2022.csproj", "{2C958599-B084-419D-AADF-2E973952A4EA}"
EndProject
Global
	GlobalSection(SolutionConfigurationPlatforms) = preSolution
		Debug|Any CPU = Debug|Any CPU
		Release|Any CPU = Release|Any CPU
	EndGlobalSection
	GlobalSection(ProjectConfigurationPlatforms) = postSolution
		{2C958599-B084-419D-AADF-2E973952A4EA}.Debug|Any CPU.ActiveCfg = Debug|Any CPU
		{2C958599-B084-419D-AADF-2E973952A4EA}.Debug|Any CPU.Build.0 = Debug|Any CPU
		{2C958599-B084-419D-AADF-2E973952A4EA}.Release|Any CPU.ActiveCfg = Release|Any CPU
		{2C958599-B084-419D-AADF-2E973952A4EA}.Release|Any CPU.Build.0 = Release|Any CPU
	EndGlobalSection
	GlobalSection(SolutionProperties) = preSolution
		HideSolutionNode = FALSE
	EndGlobalSection
	GlobalSection(ExtensibilityGlobals) = postSolution
		SolutionGuid = {02EE2D20-F003-4424-890E-C9F67AA408F1}
	EndGlobalSection
EndGlobal
